
Microsoft Visual Studio Solution File, Format Version 12.00
# Visual Studio 14
VisualStudioVersion = 14.0.25420.1
MinimumVisualStudioVersion = 10.0.40219.1
Project("{FAE04EC0-301F-11D3-BF4B-00C04F79EFBC}") = "PontoPortaria1510", "PontoPortaria1510\PontoPortaria1510.csproj", "{AA557A79-F401-4A31-86ED-0F15CAEA1E30}"
EndProject
Project("{FAE04EC0-301F-11D3-BF4B-00C04F79EFBC}") = "PontoPortaria1510Tests", "PontoPortaria1510Tests\PontoPortaria1510Tests.csproj", "{50882032-B9A5-4946-AFB8-08A6A1960D4E}"
EndProject
Global
	GlobalSection(SolutionConfigurationPlatforms) = preSolution
		Debug|Any CPU = Debug|Any CPU
		Release|Any CPU = Release|Any CPU
	EndGlobalSection
	GlobalSection(ProjectConfigurationPlatforms) = postSolution
		{AA557A79-F401-4A31-86ED-0F15CAEA1E30}.Debug|Any CPU.ActiveCfg = Debug|Any CPU
		{AA557A79-F401-4A31-86ED-0F15CAEA1E30}.Debug|Any CPU.Build.0 = Debug|Any CPU
		{AA557A79-F401-4A31-86ED-0F15CAEA1E30}.Release|Any CPU.ActiveCfg = Release|Any CPU
		{AA557A79-F401-4A31-86ED-0F15CAEA1E30}.Release|Any CPU.Build.0 = Release|Any CPU
		{50882032-B9A5-4946-AFB8-08A6A1960D4E}.Debug|Any CPU.ActiveCfg = Debug|Any CPU
		{50882032-B9A5-4946-AFB8-08A6A1960D4E}.Debug|Any CPU.Build.0 = Debug|Any CPU
		{50882032-B9A5-4946-AFB8-08A6A1960D4E}.Release|Any CPU.ActiveCfg = Release|Any CPU
		{50882032-B9A5-4946-AFB8-08A6A1960D4E}.Release|Any CPU.Build.0 = Release|Any CPU
	EndGlobalSection
	GlobalSection(SolutionProperties) = preSolution
		HideSolutionNode = FALSE
	EndGlobalSection
EndGlobal
